
Microsoft Visual Studio Solution File, Format Version 12.00
# Visual Studio Version 16
VisualStudioVersion = 16.0.31613.86
MinimumVisualStudioVersion = 10.0.40219.1
Project("{FAE04EC0-301F-11D3-BF4B-00C04F79EFBC}") = "BT2", "BT2\BT2.csproj", "{3590C40E-7C08-48EF-8C61-887ABC53461B}"
EndProject
Global
	GlobalSection(SolutionConfigurationPlatforms) = preSolution
		Debug|Any CPU = Debug|Any CPU
		Release|Any CPU = Release|Any CPU
	EndGlobalSection
	GlobalSection(ProjectConfigurationPlatforms) = postSolution
		{3590C40E-7C08-48EF-8C61-887ABC53461B}.Debug|Any CPU.ActiveCfg = Debug|Any CPU
		{3590C40E-7C08-48EF-8C61-887ABC53461B}.Debug|Any CPU.Build.0 = Debug|Any CPU
		{3590C40E-7C08-48EF-8C61-887ABC53461B}.Release|Any CPU.ActiveCfg = Release|Any CPU
		{3590C40E-7C08-48EF-8C61-887ABC53461B}.Release|Any CPU.Build.0 = Release|Any CPU
	EndGlobalSection
	GlobalSection(SolutionProperties) = preSolution
		HideSolutionNode = FALSE
	EndGlobalSection
	GlobalSection(ExtensibilityGlobals) = postSolution
		SolutionGuid = {E2049680-CD98-47B9-BFCD-075D608F1C2C}
	EndGlobalSection
EndGlobal
